
Microsoft Visual Studio Solution File, Format Version 12.00
# Visual Studio Version 17
VisualStudioVersion = 17.14.36221.1 d17.14
MinimumVisualStudioVersion = 10.0.40219.1
Project("{FAE04EC0-301F-11D3-BF4B-00C04F79EFBC}") = "SAP_TTS", "SAP_TTS.csproj", "{6FC8653A-7D92-48D6-9FEA-974403C3FAFB}"
EndProject
Global
	GlobalSection(SolutionConfigurationPlatforms) = preSolution
		Debug|Any CPU = Debug|Any CPU
		Release|Any CPU = Release|Any CPU
	EndGlobalSection
	GlobalSection(ProjectConfigurationPlatforms) = postSolution
		{6FC8653A-7D92-48D6-9FEA-974403C3FAFB}.Debug|Any CPU.ActiveCfg = Debug|Any CPU
		{6FC8653A-7D92-48D6-9FEA-974403C3FAFB}.Debug|Any CPU.Build.0 = Debug|Any CPU
		{6FC8653A-7D92-48D6-9FEA-974403C3FAFB}.Release|Any CPU.ActiveCfg = Release|Any CPU
		{6FC8653A-7D92-48D6-9FEA-974403C3FAFB}.Release|Any CPU.Build.0 = Release|Any CPU
	EndGlobalSection
	GlobalSection(SolutionProperties) = preSolution
		HideSolutionNode = FALSE
	EndGlobalSection
	GlobalSection(ExtensibilityGlobals) = postSolution
		SolutionGuid = {1E5D78A4-DB3C-4E42-9620-7C3EF9197F6C}
	EndGlobalSection
EndGlobal
